
Microsoft Visual Studio Solution File, Format Version 12.00
# Visual Studio 15
VisualStudioVersion = 15.0.28307.572
MinimumVisualStudioVersion = 10.0.40219.1
Project("{9A19103F-16F7-4668-BE54-9A1E7A4F7556}") = "NewsWeb", "NewsWeb\NewsWeb.csproj", "{4624AF46-6C62-4553-B0EC-9752B7228FA5}"
EndProject
Project("{9A19103F-16F7-4668-BE54-9A1E7A4F7556}") = "NewsPublish.Model", "NewsPublish.Model\NewsPublish.Model.csproj", "{02EFEB30-A686-4B81-8941-B7DC797EDA07}"
EndProject
Project("{9A19103F-16F7-4668-BE54-9A1E7A4F7556}") = "NewsPublish.service", "NewsPublish.service\NewsPublish.service.csproj", "{586B538D-1B17-4C6F-9AC7-DDD7787BD16F}"
EndProject
Global
	GlobalSection(SolutionConfigurationPlatforms) = preSolution
		Debug|Any CPU = Debug|Any CPU
		Release|Any CPU = Release|Any CPU
	EndGlobalSection
	GlobalSection(ProjectConfigurationPlatforms) = postSolution
		{4624AF46-6C62-4553-B0EC-9752B7228FA5}.Debug|Any CPU.ActiveCfg = Debug|Any CPU
		{4624AF46-6C62-4553-B0EC-9752B7228FA5}.Debug|Any CPU.Build.0 = Debug|Any CPU
		{4624AF46-6C62-4553-B0EC-9752B7228FA5}.Release|Any CPU.ActiveCfg = Release|Any CPU
		{4624AF46-6C62-4553-B0EC-9752B7228FA5}.Release|Any CPU.Build.0 = Release|Any CPU
		{02EFEB30-A686-4B81-8941-B7DC797EDA07}.Debug|Any CPU.ActiveCfg = Debug|Any CPU
		{02EFEB30-A686-4B81-8941-B7DC797EDA07}.Debug|Any CPU.Build.0 = Debug|Any CPU
		{02EFEB30-A686-4B81-8941-B7DC797EDA07}.Release|Any CPU.ActiveCfg = Release|Any CPU
		{02EFEB30-A686-4B81-8941-B7DC797EDA07}.Release|Any CPU.Build.0 = Release|Any CPU
		{586B538D-1B17-4C6F-9AC7-DDD7787BD16F}.Debug|Any CPU.ActiveCfg = Debug|Any CPU
		{586B538D-1B17-4C6F-9AC7-DDD7787BD16F}.Debug|Any CPU.Build.0 = Debug|Any CPU
		{586B538D-1B17-4C6F-9AC7-DDD7787BD16F}.Release|Any CPU.ActiveCfg = Release|Any CPU
		{586B538D-1B17-4C6F-9AC7-DDD7787BD16F}.Release|Any CPU.Build.0 = Release|Any CPU
	EndGlobalSection
	GlobalSection(SolutionProperties) = preSolution
		HideSolutionNode = FALSE
	EndGlobalSection
	GlobalSection(ExtensibilityGlobals) = postSolution
		SolutionGuid = {D124B59E-5A7B-4BB2-AD7F-2EAF88AE4393}
	EndGlobalSection
EndGlobal
